
Microsoft Visual Studio Solution File, Format Version 12.00
# Visual Studio 15
VisualStudioVersion = 15.0.27004.2006
MinimumVisualStudioVersion = 10.0.40219.1
Project("{00D1A9C2-B5F0-4AF3-8072-F6C62B433612}") = "DWDiagnostics", "DWDiagnostics\DWDiagnostics.sqlproj", "{1316671A-C1F5-496E-8FA1-4C71B3BB3C17}"
EndProject
Global
	GlobalSection(SolutionConfigurationPlatforms) = preSolution
		Debug|Any CPU = Debug|Any CPU
		Release|Any CPU = Release|Any CPU
	EndGlobalSection
	GlobalSection(ProjectConfigurationPlatforms) = postSolution
		{1316671A-C1F5-496E-8FA1-4C71B3BB3C17}.Debug|Any CPU.ActiveCfg = Debug|Any CPU
		{1316671A-C1F5-496E-8FA1-4C71B3BB3C17}.Debug|Any CPU.Build.0 = Debug|Any CPU
		{1316671A-C1F5-496E-8FA1-4C71B3BB3C17}.Debug|Any CPU.Deploy.0 = Debug|Any CPU
		{1316671A-C1F5-496E-8FA1-4C71B3BB3C17}.Release|Any CPU.ActiveCfg = Release|Any CPU
		{1316671A-C1F5-496E-8FA1-4C71B3BB3C17}.Release|Any CPU.Build.0 = Release|Any CPU
		{1316671A-C1F5-496E-8FA1-4C71B3BB3C17}.Release|Any CPU.Deploy.0 = Release|Any CPU
	EndGlobalSection
	GlobalSection(SolutionProperties) = preSolution
		HideSolutionNode = FALSE
	EndGlobalSection
	GlobalSection(ExtensibilityGlobals) = postSolution
		SolutionGuid = {2F5257A2-8F25-4BEC-9421-7FDBE6CFA716}
	EndGlobalSection
EndGlobal
